// !$*UTF8*$!
{
	archiveVersion = 1;
	classes = {
	};
	objectVersion = 55;
	objects = {

/* Begin PBXBuildFile section */
		4645AC98279787B0004BD0AB /* SwiftUISideMenuDemoAppApp.swift in Sources */ = {isa = PBXBuildFile; fileRef = 4645AC97279787B0004BD0AB /* SwiftUISideMenuDemoAppApp.swift */; };
		4645AC9A279787B0004BD0AB /* HomeView.swift in Sources */ = {isa = PBXBuildFile; fileRef = 4645AC99279787B0004BD0AB /* HomeView.swift */; };
		4645AC9C279787B0004BD0AB /* Assets.xcassets in Resources */ = {isa = PBXBuildFile; fileRef = 4645AC9B279787B0004BD0AB /* Assets.xcassets */; };
		4645AC9F279787B0004BD0AB /* Preview Assets.xcassets in Resources */ = {isa = PBXBuildFile; fileRef = 4645AC9E279787B0004BD0AB /* Preview Assets.xcassets */; };
		4645ACAC27978C99004BD0AB /* NavigationBarModifier.swift in Sources */ = {isa = PBXBuildFile; fileRef = 4645ACAB27978C99004BD0AB /* NavigationBarModifier.swift */; };
		4645ACB127979710004BD0AB /* SideMenuHeaderView.swift in Sources */ = {isa = PBXBuildFile; fileRef = 4645ACB027979710004BD0AB /* SideMenuHeaderView.swift */; };
		4645ACB327979739004BD0AB /* SideMenuOptionView.swift in Sources */ = {isa = PBXBuildFile; fileRef = 4645ACB227979739004BD0AB /* SideMenuOptionView.swift */; };
		4645ACB9279797CA004BD0AB /* SideMenuView.swift in Sources */ = {isa = PBXBuildFile; fileRef = 4645ACB8279797CA004BD0AB /* SideMenuView.swift */; };
		4645ACBE27979C5D004BD0AB /* ApplicationGradients.swift in Sources */ = {isa = PBXBuildFile; fileRef = 4645ACBD27979C5D004BD0AB /* ApplicationGradients.swift */; };
		4645ACC027979F7C004BD0AB /* SideMenuViewModel.swift in Sources */ = {isa = PBXBuildFile; fileRef = 4645ACBF27979F7C004BD0AB /* SideMenuViewModel.swift */; };
		4645ACC32797A3A2004BD0AB /* DynamicVerticalSpacer.swift in Sources */ = {isa = PBXBuildFile; fileRef = 4645ACC22797A3A2004BD0AB /* DynamicVerticalSpacer.swift */; };
		4645ACC52797A42A004BD0AB /* DynamicHorizontalSpacer.swift in Sources */ = {isa = PBXBuildFile; fileRef = 4645ACC42797A42A004BD0AB /* DynamicHorizontalSpacer.swift */; };
/* End PBXBuildFile section */

/* Begin PBXFileReference section */
		4645AC94279787B0004BD0AB /* SwiftUISideMenuDemoApp.app */ = {isa = PBXFileReference; explicitFileType = wrapper.application; includeInIndex = 0; path = SwiftUISideMenuDemoApp.app; sourceTree = BUILT_PRODUCTS_DIR; };
		4645AC97279787B0004BD0AB /* SwiftUISideMenuDemoAppApp.swift */ = {isa = PBXFileReference; lastKnownFileType = sourcecode.swift; path = SwiftUISideMenuDemoAppApp.swift; sourceTree = "<group>"; };
		4645AC99279787B0004BD0AB /* HomeView.swift */ = {isa = PBXFileReference; lastKnownFileType = sourcecode.swift; path = HomeView.swift; sourceTree = "<group>"; };
		4645AC9B279787B0004BD0AB /* Assets.xcassets */ = {isa = PBXFileReference; lastKnownFileType = folder.assetcatalog; path = Assets.xcassets; sourceTree = "<group>"; };
		4645AC9E279787B0004BD0AB /* Preview Assets.xcassets */ = {isa = PBXFileReference; lastKnownFileType = folder.assetcatalog; path = "Preview Assets.xcassets"; sourceTree = "<group>"; };
		4645ACAB27978C99004BD0AB /* NavigationBarModifier.swift */ = {isa = PBXFileReference; lastKnownFileType = sourcecode.swift; path = NavigationBarModifier.swift; sourceTree = "<group>"; };
		4645ACB027979710004BD0AB /* SideMenuHeaderView.swift */ = {isa = PBXFileReference; lastKnownFileType = sourcecode.swift; path = SideMenuHeaderView.swift; sourceTree = "<group>"; };
		4645ACB227979739004BD0AB /* SideMenuOptionView.swift */ = {isa = PBXFileReference; lastKnownFileType = sourcecode.swift; path = SideMenuOptionView.swift; sourceTree = "<group>"; };
		4645ACB8279797CA004BD0AB /* SideMenuView.swift */ = {isa = PBXFileReference; lastKnownFileType = sourcecode.swift; path = SideMenuView.swift; sourceTree = "<group>"; };
		4645ACBD27979C5D004BD0AB /* ApplicationGradients.swift */ = {isa = PBXFileReference; lastKnownFileType = sourcecode.swift; path = ApplicationGradients.swift; sourceTree = "<group>"; };
		4645ACBF27979F7C004BD0AB /* SideMenuViewModel.swift */ = {isa = PBXFileReference; lastKnownFileType = sourcecode.swift; path = SideMenuViewModel.swift; sourceTree = "<group>"; };
		4645ACC22797A3A2004BD0AB /* DynamicVerticalSpacer.swift */ = {isa = PBXFileReference; lastKnownFileType = sourcecode.swift; path = DynamicVerticalSpacer.swift; sourceTree = "<group>"; };
		4645ACC42797A42A004BD0AB /* DynamicHorizontalSpacer.swift */ = {isa = PBXFileReference; lastKnownFileType = sourcecode.swift; path = DynamicHorizontalSpacer.swift; sourceTree = "<group>"; };
/* End PBXFileReference section */

/* Begin PBXFrameworksBuildPhase section */
		4645AC91279787B0004BD0AB /* Frameworks */ = {
			isa = PBXFrameworksBuildPhase;
			buildActionMask = 2147483647;
			files = (
			);
			runOnlyForDeploymentPostprocessing = 0;
		};
/* End PBXFrameworksBuildPhase section */

/* Begin PBXGroup section */
		4645AC8B279787B0004BD0AB = {
			isa = PBXGroup;
			children = (
				4645AC96279787B0004BD0AB /* SwiftUISideMenuDemoApp */,
				4645AC95279787B0004BD0AB /* Products */,
			);
			sourceTree = "<group>";
		};
		4645AC95279787B0004BD0AB /* Products */ = {
			isa = PBXGroup;
			children = (
				4645AC94279787B0004BD0AB /* SwiftUISideMenuDemoApp.app */,
			);
			name = Products;
			sourceTree = "<group>";
		};
		4645AC96279787B0004BD0AB /* SwiftUISideMenuDemoApp */ = {
			isa = PBXGroup;
			children = (
				4645ACA727978861004BD0AB /* View */,
				4645ACA62797885A004BD0AB /* Product */,
				4645ACA52797884C004BD0AB /* Core */,
				4645AC97279787B0004BD0AB /* SwiftUISideMenuDemoAppApp.swift */,
				4645AC9B279787B0004BD0AB /* Assets.xcassets */,
				4645AC9D279787B0004BD0AB /* Preview Content */,
			);
			path = SwiftUISideMenuDemoApp;
			sourceTree = "<group>";
		};
		4645AC9D279787B0004BD0AB /* Preview Content */ = {
			isa = PBXGroup;
			children = (
				4645AC9E279787B0004BD0AB /* Preview Assets.xcassets */,
			);
			path = "Preview Content";
			sourceTree = "<group>";
		};
		4645ACA52797884C004BD0AB /* Core */ = {
			isa = PBXGroup;
			children = (
				4645ACC12797A38A004BD0AB /* Utils */,
				4645ACBA27979C0A004BD0AB /* Constants */,
			);
			path = Core;
			sourceTree = "<group>";
		};
		4645ACA62797885A004BD0AB /* Product */ = {
			isa = PBXGroup;
			children = (
				4645ACAD279796E5004BD0AB /* Components */,
				4645ACA927978C70004BD0AB /* Utils */,
			);
			path = Product;
			sourceTree = "<group>";
		};
		4645ACA727978861004BD0AB /* View */ = {
			isa = PBXGroup;
			children = (
				4645ACB6279797A8004BD0AB /* SideMenu */,
				4645ACA827978898004BD0AB /* Home */,
			);
			path = View;
			sourceTree = "<group>";
		};
		4645ACA827978898004BD0AB /* Home */ = {
			isa = PBXGroup;
			children = (
				4645AC99279787B0004BD0AB /* HomeView.swift */,
			);
			path = Home;
			sourceTree = "<group>";
		};
		4645ACA927978C70004BD0AB /* Utils */ = {
			isa = PBXGroup;
			children = (
				4645ACAA27978C75004BD0AB /* Modifiers */,
			);
			path = Utils;
			sourceTree = "<group>";
		};
		4645ACAA27978C75004BD0AB /* Modifiers */ = {
			isa = PBXGroup;
			children = (
				4645ACAB27978C99004BD0AB /* NavigationBarModifier.swift */,
			);
			path = Modifiers;
			sourceTree = "<group>";
		};
		4645ACAD279796E5004BD0AB /* Components */ = {
			isa = PBXGroup;
			children = (
				4645ACAE279796F2004BD0AB /* SideMenu */,
			);
			path = Components;
			sourceTree = "<group>";
		};
		4645ACAE279796F2004BD0AB /* SideMenu */ = {
			isa = PBXGroup;
			children = (
				4645ACB027979710004BD0AB /* SideMenuHeaderView.swift */,
				4645ACB227979739004BD0AB /* SideMenuOptionView.swift */,
			);
			path = SideMenu;
			sourceTree = "<group>";
		};
		4645ACB527979767004BD0AB /* ViewModel */ = {
			isa = PBXGroup;
			children = (
				4645ACBF27979F7C004BD0AB /* SideMenuViewModel.swift */,
			);
			path = ViewModel;
			sourceTree = "<group>";
		};
		4645ACB6279797A8004BD0AB /* SideMenu */ = {
			isa = PBXGroup;
			children = (
				4645ACB7279797C0004BD0AB /* View */,
				4645ACB527979767004BD0AB /* ViewModel */,
			);
			path = SideMenu;
			sourceTree = "<group>";
		};
		4645ACB7279797C0004BD0AB /* View */ = {
			isa = PBXGroup;
			children = (
				4645ACB8279797CA004BD0AB /* SideMenuView.swift */,
			);
			path = View;
			sourceTree = "<group>";
		};
		4645ACBA27979C0A004BD0AB /* Constants */ = {
			isa = PBXGroup;
			children = (
				4645ACBB27979C10004BD0AB /* UI */,
			);
			path = Constants;
			sourceTree = "<group>";
		};
		4645ACBB27979C10004BD0AB /* UI */ = {
			isa = PBXGroup;
			children = (
				4645ACBC27979C36004BD0AB /* Gradients */,
			);
			path = UI;
			sourceTree = "<group>";
		};
		4645ACBC27979C36004BD0AB /* Gradients */ = {
			isa = PBXGroup;
			children = (
				4645ACBD27979C5D004BD0AB /* ApplicationGradients.swift */,
			);
			path = Gradients;
			sourceTree = "<group>";
		};
		4645ACC12797A38A004BD0AB /* Utils */ = {
			isa = PBXGroup;
			children = (
				4645ACC22797A3A2004BD0AB /* DynamicVerticalSpacer.swift */,
				4645ACC42797A42A004BD0AB /* DynamicHorizontalSpacer.swift */,
			);
			path = Utils;
			sourceTree = "<group>";
		};
/* End PBXGroup section */

/* Begin PBXNativeTarget section */
		4645AC93279787B0004BD0AB /* SwiftUISideMenuDemoApp */ = {
			isa = PBXNativeTarget;
			buildConfigurationList = 4645ACA2279787B0004BD0AB /* Build configuration list for PBXNativeTarget "SwiftUISideMenuDemoApp" */;
			buildPhases = (
				4645AC90279787B0004BD0AB /* Sources */,
				4645AC91279787B0004BD0AB /* Frameworks */,
				4645AC92279787B0004BD0AB /* Resources */,
			);
			buildRules = (
			);
			dependencies = (
			);
			name = SwiftUISideMenuDemoApp;
			productName = SwiftUISideMenuDemoApp;
			productReference = 4645AC94279787B0004BD0AB /* SwiftUISideMenuDemoApp.app */;
			productType = "com.apple.product-type.application";
		};
/* End PBXNativeTarget section */

/* Begin PBXProject section */
		4645AC8C279787B0004BD0AB /* Project object */ = {
			isa = PBXProject;
			attributes = {
				BuildIndependentTargetsInParallel = 1;
				LastSwiftUpdateCheck = 1310;
				LastUpgradeCheck = 1310;
				TargetAttributes = {
					4645AC93279787B0004BD0AB = {
						CreatedOnToolsVersion = 13.1;
					};
				};
			};
			buildConfigurationList = 4645AC8F279787B0004BD0AB /* Build configuration list for PBXProject "SwiftUISideMenuDemoApp" */;
			compatibilityVersion = "Xcode 13.0";
			developmentRegion = en;
			hasScannedForEncodings = 0;
			knownRegions = (
				en,
				Base,
			);
			mainGroup = 4645AC8B279787B0004BD0AB;
			productRefGroup = 4645AC95279787B0004BD0AB /* Products */;
			projectDirPath = "";
			projectRoot = "";
			targets = (
				4645AC93279787B0004BD0AB /* SwiftUISideMenuDemoApp */,
			);
		};
/* End PBXProject section */

/* Begin PBXResourcesBuildPhase section */
		4645AC92279787B0004BD0AB /* Resources */ = {
			isa = PBXResourcesBuildPhase;
			buildActionMask = 2147483647;
			files = (
				4645AC9F279787B0004BD0AB /* Preview Assets.xcassets in Resources */,
				4645AC9C279787B0004BD0AB /* Assets.xcassets in Resources */,
			);
			runOnlyForDeploymentPostprocessing = 0;
		};
/* End PBXResourcesBuildPhase section */

/* Begin PBXSourcesBuildPhase section */
		4645AC90279787B0004BD0AB /* Sources */ = {
			isa = PBXSourcesBuildPhase;
			buildActionMask = 2147483647;
			files = (
				4645ACC027979F7C004BD0AB /* SideMenuViewModel.swift in Sources */,
				4645ACBE27979C5D004BD0AB /* ApplicationGradients.swift in Sources */,
				4645ACB9279797CA004BD0AB /* SideMenuView.swift in Sources */,
				4645ACC52797A42A004BD0AB /* DynamicHorizontalSpacer.swift in Sources */,
				4645AC9A279787B0004BD0AB /* HomeView.swift in Sources */,
				4645ACB127979710004BD0AB /* SideMenuHeaderView.swift in Sources */,
				4645AC98279787B0004BD0AB /* SwiftUISideMenuDemoAppApp.swift in Sources */,
				4645ACB327979739004BD0AB /* SideMenuOptionView.swift in Sources */,
				4645ACC32797A3A2004BD0AB /* DynamicVerticalSpacer.swift in Sources */,
				4645ACAC27978C99004BD0AB /* NavigationBarModifier.swift in Sources */,
			);
			runOnlyForDeploymentPostprocessing = 0;
		};
/* End PBXSourcesBuildPhase section */

/* Begin XCBuildConfiguration section */
		4645ACA0279787B0004BD0AB /* Debug */ = {
			isa = XCBuildConfiguration;
			buildSettings = {
				ALWAYS_SEARCH_USER_PATHS = NO;
				CLANG_ANALYZER_NONNULL = YES;
				CLANG_ANALYZER_NUMBER_OBJECT_CONVERSION = YES_AGGRESSIVE;
				CLANG_CXX_LANGUAGE_STANDARD = "gnu++17";
				CLANG_CXX_LIBRARY = "libc++";
				CLANG_ENABLE_MODULES = YES;
				CLANG_ENABLE_OBJC_ARC = YES;
				CLANG_ENABLE_OBJC_WEAK = YES;
				CLANG_WARN_BLOCK_CAPTURE_AUTORELEASING = YES;
				CLANG_WARN_BOOL_CONVERSION = YES;
				CLANG_WARN_COMMA = YES;
				CLANG_WARN_CONSTANT_CONVERSION = YES;
				CLANG_WARN_DEPRECATED_OBJC_IMPLEMENTATIONS = YES;
				CLANG_WARN_DIRECT_OBJC_ISA_USAGE = YES_ERROR;
				CLANG_WARN_DOCUMENTATION_COMMENTS = YES;
				CLANG_WARN_EMPTY_BODY = YES;
				CLANG_WARN_ENUM_CONVERSION = YES;
				CLANG_WARN_INFINITE_RECURSION = YES;
				CLANG_WARN_INT_CONVERSION = YES;
				CLANG_WARN_NON_LITERAL_NULL_CONVERSION = YES;
				CLANG_WARN_OBJC_IMPLICIT_RETAIN_SELF = YES;
				CLANG_WARN_OBJC_LITERAL_CONVERSION = YES;
				CLANG_WARN_OBJC_ROOT_CLASS = YES_ERROR;
				CLANG_WARN_QUOTED_INCLUDE_IN_FRAMEWORK_HEADER = YES;
				CLANG_WARN_RANGE_LOOP_ANALYSIS = YES;
				CLANG_WARN_STRICT_PROTOTYPES = YES;
				CLANG_WARN_SUSPICIOUS_MOVE = YES;
				CLANG_WARN_UNGUARDED_AVAILABILITY = YES_AGGRESSIVE;
				CLANG_WARN_UNREACHABLE_CODE = YES;
				CLANG_WARN__DUPLICATE_METHOD_MATCH = YES;
				COPY_PHASE_STRIP = NO;
				DEBUG_INFORMATION_FORMAT = dwarf;
				ENABLE_STRICT_OBJC_MSGSEND = YES;
				ENABLE_TESTABILITY = YES;
				GCC_C_LANGUAGE_STANDARD = gnu11;
				GCC_DYNAMIC_NO_PIC = NO;
				GCC_NO_COMMON_BLOCKS = YES;
				GCC_OPTIMIZATION_LEVEL = 0;
				GCC_PREPROCESSOR_DEFINITIONS = (
					"DEBUG=1",
					"$(inherited)",
				);
				GCC_WARN_64_TO_32_BIT_CONVERSION = YES;
				GCC_WARN_ABOUT_RETURN_TYPE = YES_ERROR;
				GCC_WARN_UNDECLARED_SELECTOR = YES;
				GCC_WARN_UNINITIALIZED_AUTOS = YES_AGGRESSIVE;
				GCC_WARN_UNUSED_FUNCTION = YES;
				GCC_WARN_UNUSED_VARIABLE = YES;
				IPHONEOS_DEPLOYMENT_TARGET = 15.0;
				MTL_ENABLE_DEBUG_INFO = INCLUDE_SOURCE;
				MTL_FAST_MATH = YES;
				ONLY_ACTIVE_ARCH = YES;
				SDKROOT = iphoneos;
				SWIFT_ACTIVE_COMPILATION_CONDITIONS = DEBUG;
				SWIFT_OPTIMIZATION_LEVEL = "-Onone";
			};
			name = Debug;
		};
		4645ACA1279787B0004BD0AB /* Release */ = {
			isa = XCBuildConfiguration;
			buildSettings = {
				ALWAYS_SEARCH_USER_PATHS = NO;
				CLANG_ANALYZER_NONNULL = YES;
				CLANG_ANALYZER_NUMBER_OBJECT_CONVERSION = YES_AGGRESSIVE;
				CLANG_CXX_LANGUAGE_STANDARD = "gnu++17";
				CLANG_CXX_LIBRARY = "libc++";
				CLANG_ENABLE_MODULES = YES;
				CLANG_ENABLE_OBJC_ARC = YES;
				CLANG_ENABLE_OBJC_WEAK = YES;
				CLANG_WARN_BLOCK_CAPTURE_AUTORELEASING = YES;
				CLANG_WARN_BOOL_CONVERSION = YES;
				CLANG_WARN_COMMA = YES;
				CLANG_WARN_CONSTANT_CONVERSION = YES;
				CLANG_WARN_DEPRECATED_OBJC_IMPLEMENTATIONS = YES;
				CLANG_WARN_DIRECT_OBJC_ISA_USAGE = YES_ERROR;
				CLANG_WARN_DOCUMENTATION_COMMENTS = YES;
				CLANG_WARN_EMPTY_BODY = YES;
				CLANG_WARN_ENUM_CONVERSION = YES;
				CLANG_WARN_INFINITE_RECURSION = YES;
				CLANG_WARN_INT_CONVERSION = YES;
				CLANG_WARN_NON_LITERAL_NULL_CONVERSION = YES;
				CLANG_WARN_OBJC_IMPLICIT_RETAIN_SELF = YES;
				CLANG_WARN_OBJC_LITERAL_CONVERSION = YES;
				CLANG_WARN_OBJC_ROOT_CLASS = YES_ERROR;
				CLANG_WARN_QUOTED_INCLUDE_IN_FRAMEWORK_HEADER = YES;
				CLANG_WARN_RANGE_LOOP_ANALYSIS = YES;
				CLANG_WARN_STRICT_PROTOTYPES = YES;
				CLANG_WARN_SUSPICIOUS_MOVE = YES;
				CLANG_WARN_UNGUARDED_AVAILABILITY = YES_AGGRESSIVE;
				CLANG_WARN_UNREACHABLE_CODE = YES;
				CLANG_WARN__DUPLICATE_METHOD_MATCH = YES;
				COPY_PHASE_STRIP = NO;
				DEBUG_INFORMATION_FORMAT = "dwarf-with-dsym";
				ENABLE_NS_ASSERTIONS = NO;
				ENABLE_STRICT_OBJC_MSGSEND = YES;
				GCC_C_LANGUAGE_STANDARD = gnu11;
				GCC_NO_COMMON_BLOCKS = YES;
				GCC_WARN_64_TO_32_BIT_CONVERSION = YES;
				GCC_WARN_ABOUT_RETURN_TYPE = YES_ERROR;
				GCC_WARN_UNDECLARED_SELECTOR = YES;
				GCC_WARN_UNINITIALIZED_AUTOS = YES_AGGRESSIVE;
				GCC_WARN_UNUSED_FUNCTION = YES;
				GCC_WARN_UNUSED_VARIABLE = YES;
				IPHONEOS_DEPLOYMENT_TARGET = 15.0;
				MTL_ENABLE_DEBUG_INFO = NO;
				MTL_FAST_MATH = YES;
				SDKROOT = iphoneos;
				SWIFT_COMPILATION_MODE = wholemodule;
				SWIFT_OPTIMIZATION_LEVEL = "-O";
				VALIDATE_PRODUCT = YES;
			};
			name = Release;
		};
		4645ACA3279787B0004BD0AB /* Debug */ = {
			isa = XCBuildConfiguration;
			buildSettings = {
				ASSETCATALOG_COMPILER_APPICON_NAME = AppIcon;
				ASSETCATALOG_COMPILER_GLOBAL_ACCENT_COLOR_NAME = AccentColor;
				CODE_SIGN_STYLE = Automatic;
				CURRENT_PROJECT_VERSION = 1;
				DEVELOPMENT_ASSET_PATHS = "\"SwiftUISideMenuDemoApp/Preview Content\"";
				DEVELOPMENT_TEAM = 348T9RAC33;
				ENABLE_PREVIEWS = YES;
				GENERATE_INFOPLIST_FILE = YES;
				INFOPLIST_KEY_UIApplicationSceneManifest_Generation = YES;
				INFOPLIST_KEY_UIApplicationSupportsIndirectInputEvents = YES;
				INFOPLIST_KEY_UILaunchScreen_Generation = YES;
				INFOPLIST_KEY_UISupportedInterfaceOrientations_iPad = "UIInterfaceOrientationPortrait UIInterfaceOrientationPortraitUpsideDown UIInterfaceOrientationLandscapeLeft UIInterfaceOrientationLandscapeRight";
				INFOPLIST_KEY_UISupportedInterfaceOrientations_iPhone = "UIInterfaceOrientationPortrait UIInterfaceOrientationLandscapeLeft UIInterfaceOrientationLandscapeRight";
				LD_RUNPATH_SEARCH_PATHS = (
					"$(inherited)",
					"@executable_path/Frameworks",
				);
				MARKETING_VERSION = 1.0;
				PRODUCT_BUNDLE_IDENTIFIER = meatlanosrep.SwiftUISideMenuDemoApp;
				PRODUCT_NAME = "$(TARGET_NAME)";
				SWIFT_EMIT_LOC_STRINGS = YES;
				SWIFT_VERSION = 5.0;
				TARGETED_DEVICE_FAMILY = "1,2";
			};
			name = Debug;
		};
		4645ACA4279787B0004BD0AB /* Release */ = {
			isa = XCBuildConfiguration;
			buildSettings = {
				ASSETCATALOG_COMPILER_APPICON_NAME = AppIcon;
				ASSETCATALOG_COMPILER_GLOBAL_ACCENT_COLOR_NAME = AccentColor;
				CODE_SIGN_STYLE = Automatic;
				CURRENT_PROJECT_VERSION = 1;
				DEVELOPMENT_ASSET_PATHS = "\"SwiftUISideMenuDemoApp/Preview Content\"";
				DEVELOPMENT_TEAM = 348T9RAC33;
				ENABLE_PREVIEWS = YES;
				GENERATE_INFOPLIST_FILE = YES;
				INFOPLIST_KEY_UIApplicationSceneManifest_Generation = YES;
				INFOPLIST_KEY_UIApplicationSupportsIndirectInputEvents = YES;
				INFOPLIST_KEY_UILaunchScreen_Generation = YES;
				INFOPLIST_KEY_UISupportedInterfaceOrientations_iPad = "UIInterfaceOrientationPortrait UIInterfaceOrientationPortraitUpsideDown UIInterfaceOrientationLandscapeLeft UIInterfaceOrientationLandscapeRight";
				INFOPLIST_KEY_UISupportedInterfaceOrientations_iPhone = "UIInterfaceOrientationPortrait UIInterfaceOrientationLandscapeLeft UIInterfaceOrientationLandscapeRight";
				LD_RUNPATH_SEARCH_PATHS = (
					"$(inherited)",
					"@executable_path/Frameworks",
				);
				MARKETING_VERSION = 1.0;
				PRODUCT_BUNDLE_IDENTIFIER = meatlanosrep.SwiftUISideMenuDemoApp;
				PRODUCT_NAME = "$(TARGET_NAME)";
				SWIFT_EMIT_LOC_STRINGS = YES;
				SWIFT_VERSION = 5.0;
				TARGETED_DEVICE_FAMILY = "1,2";
			};
			name = Release;
		};
/* End XCBuildConfiguration section */

/* Begin XCConfigurationList section */
		4645AC8F279787B0004BD0AB /* Build configuration list for PBXProject "SwiftUISideMenuDemoApp" */ = {
			isa = XCConfigurationList;
			buildConfigurations = (
				4645ACA0279787B0004BD0AB /* Debug */,
				4645ACA1279787B0004BD0AB /* Release */,
			);
			defaultConfigurationIsVisible = 0;
			defaultConfigurationName = Release;
		};
		4645ACA2279787B0004BD0AB /* Build configuration list for PBXNativeTarget "SwiftUISideMenuDemoApp" */ = {
			isa = XCConfigurationList;
			buildConfigurations = (
				4645ACA3279787B0004BD0AB /* Debug */,
				4645ACA4279787B0004BD0AB /* Release */,
			);
			defaultConfigurationIsVisible = 0;
			defaultConfigurationName = Release;
		};
/* End XCConfigurationList section */
	};
	rootObject = 4645AC8C279787B0004BD0AB /* Project object */;
}
